
Microsoft Visual Studio Solution File, Format Version 12.00
# Visual Studio Version 16
VisualStudioVersion = 16.0.30204.135
MinimumVisualStudioVersion = 10.0.40219.1
Project("{9A19103F-16F7-4668-BE54-9A1E7A4F7556}") = "LearningSystem.Web", "LearningSystem.Web\LearningSystem.Web.csproj", "{88A21985-84BB-49F5-A4F5-A7F78BC3038F}"
EndProject
Project("{9A19103F-16F7-4668-BE54-9A1E7A4F7556}") = "LearningSystem.Data", "LearningSystem.Data\LearningSystem.Data.csproj", "{F5371DB8-6E08-4D5C-891C-E5C4C360AD83}"
EndProject
Project("{FAE04EC0-301F-11D3-BF4B-00C04F79EFBC}") = "LearningSystem.Services", "LearningSystem.Services\LearningSystem.Services.csproj", "{2BC8102B-4EB0-4A9E-AF0C-2C5ABE974A07}"
EndProject
Project("{FAE04EC0-301F-11D3-BF4B-00C04F79EFBC}") = "LearningSystem.Common", "LearningSystem.Common\LearningSystem.Common.csproj", "{5D3D2392-DDF2-45F2-920A-28F7667A601A}"
EndProject
Global
	GlobalSection(SolutionConfigurationPlatforms) = preSolution
		Debug|Any CPU = Debug|Any CPU
		Release|Any CPU = Release|Any CPU
	EndGlobalSection
	GlobalSection(ProjectConfigurationPlatforms) = postSolution
		{88A21985-84BB-49F5-A4F5-A7F78BC3038F}.Debug|Any CPU.ActiveCfg = Debug|Any CPU
		{88A21985-84BB-49F5-A4F5-A7F78BC3038F}.Debug|Any CPU.Build.0 = Debug|Any CPU
		{88A21985-84BB-49F5-A4F5-A7F78BC3038F}.Release|Any CPU.ActiveCfg = Release|Any CPU
		{88A21985-84BB-49F5-A4F5-A7F78BC3038F}.Release|Any CPU.Build.0 = Release|Any CPU
		{F5371DB8-6E08-4D5C-891C-E5C4C360AD83}.Debug|Any CPU.ActiveCfg = Debug|Any CPU
		{F5371DB8-6E08-4D5C-891C-E5C4C360AD83}.Debug|Any CPU.Build.0 = Debug|Any CPU
		{F5371DB8-6E08-4D5C-891C-E5C4C360AD83}.Release|Any CPU.ActiveCfg = Release|Any CPU
		{F5371DB8-6E08-4D5C-891C-E5C4C360AD83}.Release|Any CPU.Build.0 = Release|Any CPU
		{2BC8102B-4EB0-4A9E-AF0C-2C5ABE974A07}.Debug|Any CPU.ActiveCfg = Debug|Any CPU
		{2BC8102B-4EB0-4A9E-AF0C-2C5ABE974A07}.Debug|Any CPU.Build.0 = Debug|Any CPU
		{2BC8102B-4EB0-4A9E-AF0C-2C5ABE974A07}.Release|Any CPU.ActiveCfg = Release|Any CPU
		{2BC8102B-4EB0-4A9E-AF0C-2C5ABE974A07}.Release|Any CPU.Build.0 = Release|Any CPU
		{5D3D2392-DDF2-45F2-920A-28F7667A601A}.Debug|Any CPU.ActiveCfg = Debug|Any CPU
		{5D3D2392-DDF2-45F2-920A-28F7667A601A}.Debug|Any CPU.Build.0 = Debug|Any CPU
		{5D3D2392-DDF2-45F2-920A-28F7667A601A}.Release|Any CPU.ActiveCfg = Release|Any CPU
		{5D3D2392-DDF2-45F2-920A-28F7667A601A}.Release|Any CPU.Build.0 = Release|Any CPU
	EndGlobalSection
	GlobalSection(SolutionProperties) = preSolution
		HideSolutionNode = FALSE
	EndGlobalSection
	GlobalSection(ExtensibilityGlobals) = postSolution
		SolutionGuid = {FB14AFAC-2EA2-4621-9528-28210B6F543F}
	EndGlobalSection
EndGlobal
